// !$*UTF8*$!
{
	archiveVersion = 1;
	classes = {
	};
	objectVersion = 46;
	objects = {

/* Begin PBXBuildFile section */
		3F9809A21D6B4185001F7B08 /* AppDelegate.swift in Sources */ = {isa = PBXBuildFile; fileRef = 3F9809A11D6B4185001F7B08 /* AppDelegate.swift */; };
		3F9809A41D6B4185001F7B08 /* ViewController.swift in Sources */ = {isa = PBXBuildFile; fileRef = 3F9809A31D6B4185001F7B08 /* ViewController.swift */; };
		3F9809A71D6B4185001F7B08 /* Main.storyboard in Resources */ = {isa = PBXBuildFile; fileRef = 3F9809A51D6B4185001F7B08 /* Main.storyboard */; };
		3F9809A91D6B4185001F7B08 /* Assets.xcassets in Resources */ = {isa = PBXBuildFile; fileRef = 3F9809A81D6B4185001F7B08 /* Assets.xcassets */; };
		3F9809AC1D6B4185001F7B08 /* LaunchScreen.storyboard in Resources */ = {isa = PBXBuildFile; fileRef = 3F9809AA1D6B4185001F7B08 /* LaunchScreen.storyboard */; };
/* End PBXBuildFile section */

/* Begin PBXFileReference section */
		3F98099E1D6B4185001F7B08 /* ApplicationDemo.app */ = {isa = PBXFileReference; explicitFileType = wrapper.application; includeInIndex = 0; path = ApplicationDemo.app; sourceTree = BUILT_PRODUCTS_DIR; };
		3F9809A11D6B4185001F7B08 /* AppDelegate.swift */ = {isa = PBXFileReference; lastKnownFileType = sourcecode.swift; path = AppDelegate.swift; sourceTree = "<group>"; };
		3F9809A31D6B4185001F7B08 /* ViewController.swift */ = {isa = PBXFileReference; lastKnownFileType = sourcecode.swift; path = ViewController.swift; sourceTree = "<group>"; };
		3F9809A61D6B4185001F7B08 /* Base */ = {isa = PBXFileReference; lastKnownFileType = file.storyboard; name = Base; path = Base.lproj/Main.storyboard; sourceTree = "<group>"; };
		3F9809A81D6B4185001F7B08 /* Assets.xcassets */ = {isa = PBXFileReference; lastKnownFileType = folder.assetcatalog; path = Assets.xcassets; sourceTree = "<group>"; };
		3F9809AB1D6B4185001F7B08 /* Base */ = {isa = PBXFileReference; lastKnownFileType = file.storyboard; name = Base; path = Base.lproj/LaunchScreen.storyboard; sourceTree = "<group>"; };
		3F9809AD1D6B4185001F7B08 /* Info.plist */ = {isa = PBXFileReference; lastKnownFileType = text.plist.xml; path = Info.plist; sourceTree = "<group>"; };
/* End PBXFileReference section */

/* Begin PBXFrameworksBuildPhase section */
		3F98099B1D6B4185001F7B08 /* Frameworks */ = {
			isa = PBXFrameworksBuildPhase;
			buildActionMask = 2147483647;
			files = (
			);
			runOnlyForDeploymentPostprocessing = 0;
		};
/* End PBXFrameworksBuildPhase section */

/* Begin PBXGroup section */
		3F9809951D6B4185001F7B08 = {
			isa = PBXGroup;
			children = (
				3F9809A01D6B4185001F7B08 /* ApplicationDemo */,
				3F98099F1D6B4185001F7B08 /* Products */,
			);
			sourceTree = "<group>";
		};
		3F98099F1D6B4185001F7B08 /* Products */ = {
			isa = PBXGroup;
			children = (
				3F98099E1D6B4185001F7B08 /* ApplicationDemo.app */,
			);
			name = Products;
			sourceTree = "<group>";
		};
		3F9809A01D6B4185001F7B08 /* ApplicationDemo */ = {
			isa = PBXGroup;
			children = (
				3F9809A11D6B4185001F7B08 /* AppDelegate.swift */,
				3F9809A31D6B4185001F7B08 /* ViewController.swift */,
				3F9809A51D6B4185001F7B08 /* Main.storyboard */,
				3F9809A81D6B4185001F7B08 /* Assets.xcassets */,
				3F9809AA1D6B4185001F7B08 /* LaunchScreen.storyboard */,
				3F9809AD1D6B4185001F7B08 /* Info.plist */,
			);
			path = ApplicationDemo;
			sourceTree = "<group>";
		};
/* End PBXGroup section */

/* Begin PBXNativeTarget section */
		3F98099D1D6B4185001F7B08 /* ApplicationDemo */ = {
			isa = PBXNativeTarget;
			buildConfigurationList = 3F9809B01D6B4185001F7B08 /* Build configuration list for PBXNativeTarget "ApplicationDemo" */;
			buildPhases = (
				3F98099A1D6B4185001F7B08 /* Sources */,
				3F98099B1D6B4185001F7B08 /* Frameworks */,
				3F98099C1D6B4185001F7B08 /* Resources */,
			);
			buildRules = (
			);
			dependencies = (
			);
			name = ApplicationDemo;
			productName = ApplicationDemo;
			productReference = 3F98099E1D6B4185001F7B08 /* ApplicationDemo.app */;
			productType = "com.apple.product-type.application";
		};
/* End PBXNativeTarget section */

/* Begin PBXProject section */
		3F9809961D6B4185001F7B08 /* Project object */ = {
			isa = PBXProject;
			attributes = {
				LastSwiftUpdateCheck = 0800;
				LastUpgradeCheck = 0800;
				ORGANIZATIONNAME = K;
				TargetAttributes = {
					3F98099D1D6B4185001F7B08 = {
						CreatedOnToolsVersion = 8.0;
						ProvisioningStyle = Automatic;
					};
				};
			};
			buildConfigurationList = 3F9809991D6B4185001F7B08 /* Build configuration list for PBXProject "ApplicationDemo" */;
			compatibilityVersion = "Xcode 3.2";
			developmentRegion = English;
			hasScannedForEncodings = 0;
			knownRegions = (
				en,
				Base,
			);
			mainGroup = 3F9809951D6B4185001F7B08;
			productRefGroup = 3F98099F1D6B4185001F7B08 /* Products */;
			projectDirPath = "";
			projectRoot = "";
			targets = (
				3F98099D1D6B4185001F7B08 /* ApplicationDemo */,
			);
		};
/* End PBXProject section */

/* Begin PBXResourcesBuildPhase section */
		3F98099C1D6B4185001F7B08 /* Resources */ = {
			isa = PBXResourcesBuildPhase;
			buildActionMask = 2147483647;
			files = (
				3F9809AC1D6B4185001F7B08 /* LaunchScreen.storyboard in Resources */,
				3F9809A91D6B4185001F7B08 /* Assets.xcassets in Resources */,
				3F9809A71D6B4185001F7B08 /* Main.storyboard in Resources */,
			);
			runOnlyForDeploymentPostprocessing = 0;
		};
/* End PBXResourcesBuildPhase section */

/* Begin PBXSourcesBuildPhase section */
		3F98099A1D6B4185001F7B08 /* Sources */ = {
			isa = PBXSourcesBuildPhase;
			buildActionMask = 2147483647;
			files = (
				3F9809A41D6B4185001F7B08 /* ViewController.swift in Sources */,
				3F9809A21D6B4185001F7B08 /* AppDelegate.swift in Sources */,
			);
			runOnlyForDeploymentPostprocessing = 0;
		};
/* End PBXSourcesBuildPhase section */

/* Begin PBXVariantGroup section */
		3F9809A51D6B4185001F7B08 /* Main.storyboard */ = {
			isa = PBXVariantGroup;
			children = (
				3F9809A61D6B4185001F7B08 /* Base */,
			);
			name = Main.storyboard;
			sourceTree = "<group>";
		};
		3F9809AA1D6B4185001F7B08 /* LaunchScreen.storyboard */ = {
			isa = PBXVariantGroup;
			children = (
				3F9809AB1D6B4185001F7B08 /* Base */,
			);
			name = LaunchScreen.storyboard;
			sourceTree = "<group>";
		};
/* End PBXVariantGroup section */

/* Begin XCBuildConfiguration section */
		3F9809AE1D6B4185001F7B08 /* Debug */ = {
			isa = XCBuildConfiguration;
			buildSettings = {
				ALWAYS_SEARCH_USER_PATHS = NO;
				CLANG_ANALYZER_NONNULL = YES;
				CLANG_CXX_LANGUAGE_STANDARD = "gnu++0x";
				CLANG_CXX_LIBRARY = "libc++";
				CLANG_ENABLE_MODULES = YES;
				CLANG_ENABLE_OBJC_ARC = YES;
				CLANG_WARN_BOOL_CONVERSION = YES;
				CLANG_WARN_CONSTANT_CONVERSION = YES;
				CLANG_WARN_DIRECT_OBJC_ISA_USAGE = YES_ERROR;
				CLANG_WARN_DOCUMENTATION_COMMENTS = YES;
				CLANG_WARN_EMPTY_BODY = YES;
				CLANG_WARN_ENUM_CONVERSION = YES;
				CLANG_WARN_INFINITE_RECURSION = YES;
				CLANG_WARN_INT_CONVERSION = YES;
				CLANG_WARN_OBJC_ROOT_CLASS = YES_ERROR;
				CLANG_WARN_SUSPICIOUS_MOVES = YES;
				CLANG_WARN_UNREACHABLE_CODE = YES;
				CLANG_WARN__DUPLICATE_METHOD_MATCH = YES;
				"CODE_SIGN_IDENTITY[sdk=iphoneos*]" = "iPhone Developer";
				COPY_PHASE_STRIP = NO;
				DEBUG_INFORMATION_FORMAT = dwarf;
				ENABLE_STRICT_OBJC_MSGSEND = YES;
				ENABLE_TESTABILITY = YES;
				GCC_C_LANGUAGE_STANDARD = gnu99;
				GCC_DYNAMIC_NO_PIC = NO;
				GCC_NO_COMMON_BLOCKS = YES;
				GCC_OPTIMIZATION_LEVEL = 0;
				GCC_PREPROCESSOR_DEFINITIONS = (
					"DEBUG=1",
					"$(inherited)",
				);
				GCC_WARN_64_TO_32_BIT_CONVERSION = YES;
				GCC_WARN_ABOUT_RETURN_TYPE = YES_ERROR;
				GCC_WARN_UNDECLARED_SELECTOR = YES;
				GCC_WARN_UNINITIALIZED_AUTOS = YES_AGGRESSIVE;
				GCC_WARN_UNUSED_FUNCTION = YES;
				GCC_WARN_UNUSED_VARIABLE = YES;
				IPHONEOS_DEPLOYMENT_TARGET = 10.0;
				MTL_ENABLE_DEBUG_INFO = YES;
				ONLY_ACTIVE_ARCH = YES;
				SDKROOT = iphoneos;
				SWIFT_ACTIVE_COMPILATION_CONDITIONS = DEBUG;
				SWIFT_OPTIMIZATION_LEVEL = "-Onone";
			};
			name = Debug;
		};
		3F9809AF1D6B4185001F7B08 /* Release */ = {
			isa = XCBuildConfiguration;
			buildSettings = {
				ALWAYS_SEARCH_USER_PATHS = NO;
				CLANG_ANALYZER_NONNULL = YES;
				CLANG_CXX_LANGUAGE_STANDARD = "gnu++0x";
				CLANG_CXX_LIBRARY = "libc++";
				CLANG_ENABLE_MODULES = YES;
				CLANG_ENABLE_OBJC_ARC = YES;
				CLANG_WARN_BOOL_CONVERSION = YES;
				CLANG_WARN_CONSTANT_CONVERSION = YES;
				CLANG_WARN_DIRECT_OBJC_ISA_USAGE = YES_ERROR;
				CLANG_WARN_DOCUMENTATION_COMMENTS = YES;
				CLANG_WARN_EMPTY_BODY = YES;
				CLANG_WARN_ENUM_CONVERSION = YES;
				CLANG_WARN_INFINITE_RECURSION = YES;
				CLANG_WARN_INT_CONVERSION = YES;
				CLANG_WARN_OBJC_ROOT_CLASS = YES_ERROR;
				CLANG_WARN_SUSPICIOUS_MOVES = YES;
				CLANG_WARN_UNREACHABLE_CODE = YES;
				CLANG_WARN__DUPLICATE_METHOD_MATCH = YES;
				"CODE_SIGN_IDENTITY[sdk=iphoneos*]" = "iPhone Developer";
				COPY_PHASE_STRIP = NO;
				DEBUG_INFORMATION_FORMAT = "dwarf-with-dsym";
				ENABLE_NS_ASSERTIONS = NO;
				ENABLE_STRICT_OBJC_MSGSEND = YES;
				GCC_C_LANGUAGE_STANDARD = gnu99;
				GCC_NO_COMMON_BLOCKS = YES;
				GCC_WARN_64_TO_32_BIT_CONVERSION = YES;
				GCC_WARN_ABOUT_RETURN_TYPE = YES_ERROR;
				GCC_WARN_UNDECLARED_SELECTOR = YES;
				GCC_WARN_UNINITIALIZED_AUTOS = YES_AGGRESSIVE;
				GCC_WARN_UNUSED_FUNCTION = YES;
				GCC_WARN_UNUSED_VARIABLE = YES;
				IPHONEOS_DEPLOYMENT_TARGET = 10.0;
				MTL_ENABLE_DEBUG_INFO = NO;
				SDKROOT = iphoneos;
				SWIFT_OPTIMIZATION_LEVEL = "-Owholemodule";
				VALIDATE_PRODUCT = YES;
			};
			name = Release;
		};
		3F9809B11D6B4185001F7B08 /* Debug */ = {
			isa = XCBuildConfiguration;
			buildSettings = {
				ASSETCATALOG_COMPILER_APPICON_NAME = AppIcon;
				INFOPLIST_FILE = ApplicationDemo/Info.plist;
				LD_RUNPATH_SEARCH_PATHS = "$(inherited) @executable_path/Frameworks";
				PRODUCT_BUNDLE_IDENTIFIER = "cn.swift-cn.ApplicationDemo";
				PRODUCT_NAME = "$(TARGET_NAME)";
				SWIFT_VERSION = 3.0;
			};
			name = Debug;
		};
		3F9809B21D6B4185001F7B08 /* Release */ = {
			isa = XCBuildConfiguration;
			buildSettings = {
				ASSETCATALOG_COMPILER_APPICON_NAME = AppIcon;
				INFOPLIST_FILE = ApplicationDemo/Info.plist;
				LD_RUNPATH_SEARCH_PATHS = "$(inherited) @executable_path/Frameworks";
				PRODUCT_BUNDLE_IDENTIFIER = "cn.swift-cn.ApplicationDemo";
				PRODUCT_NAME = "$(TARGET_NAME)";
				SWIFT_VERSION = 3.0;
			};
			name = Release;
		};
/* End XCBuildConfiguration section */

/* Begin XCConfigurationList section */
		3F9809991D6B4185001F7B08 /* Build configuration list for PBXProject "ApplicationDemo" */ = {
			isa = XCConfigurationList;
			buildConfigurations = (
				3F9809AE1D6B4185001F7B08 /* Debug */,
				3F9809AF1D6B4185001F7B08 /* Release */,
			);
			defaultConfigurationIsVisible = 0;
			defaultConfigurationName = Release;
		};
		3F9809B01D6B4185001F7B08 /* Build configuration list for PBXNativeTarget "ApplicationDemo" */ = {
			isa = XCConfigurationList;
			buildConfigurations = (
				3F9809B11D6B4185001F7B08 /* Debug */,
				3F9809B21D6B4185001F7B08 /* Release */,
			);
			defaultConfigurationIsVisible = 0;
		};
/* End XCConfigurationList section */
	};
	rootObject = 3F9809961D6B4185001F7B08 /* Project object */;
}
